// !$*UTF8*$!
{
	archiveVersion = 1;
	classes = {
	};
	objectVersion = 46;
	objects = {

/* Begin PBXBuildFile section */
		F4C2F1631CEB461D00460907 /* AppDelegate.swift in Sources */ = {isa = PBXBuildFile; fileRef = F4C2F1621CEB461D00460907 /* AppDelegate.swift */; };
		F4C2F1651CEB461D00460907 /* ViewController.swift in Sources */ = {isa = PBXBuildFile; fileRef = F4C2F1641CEB461D00460907 /* ViewController.swift */; };
		F4C2F1681CEB461D00460907 /* Main.storyboard in Resources */ = {isa = PBXBuildFile; fileRef = F4C2F1661CEB461D00460907 /* Main.storyboard */; };
		F4C2F16A1CEB461D00460907 /* Assets.xcassets in Resources */ = {isa = PBXBuildFile; fileRef = F4C2F1691CEB461D00460907 /* Assets.xcassets */; };
		F4C2F16D1CEB461D00460907 /* LaunchScreen.storyboard in Resources */ = {isa = PBXBuildFile; fileRef = F4C2F16B1CEB461D00460907 /* LaunchScreen.storyboard */; };
		F4C2F1781CEB461D00460907 /* RetroTopicsTests.swift in Sources */ = {isa = PBXBuildFile; fileRef = F4C2F1771CEB461D00460907 /* RetroTopicsTests.swift */; };
		F4C2F1831CEB4AF000460907 /* Topic.swift in Sources */ = {isa = PBXBuildFile; fileRef = F4C2F1821CEB4AF000460907 /* Topic.swift */; };
		F4C2F1851CEB4FAF00460907 /* TopicsViewControllerTest.swift in Sources */ = {isa = PBXBuildFile; fileRef = F4C2F1841CEB4FAF00460907 /* TopicsViewControllerTest.swift */; };
/* End PBXBuildFile section */

/* Begin PBXContainerItemProxy section */
		F4C2F1741CEB461D00460907 /* PBXContainerItemProxy */ = {
			isa = PBXContainerItemProxy;
			containerPortal = F4C2F1571CEB461C00460907 /* Project object */;
			proxyType = 1;
			remoteGlobalIDString = F4C2F15E1CEB461C00460907;
			remoteInfo = RetroTopics;
		};
/* End PBXContainerItemProxy section */

/* Begin PBXFileReference section */
		F4C2F15F1CEB461D00460907 /* RetroTopics.app */ = {isa = PBXFileReference; explicitFileType = wrapper.application; includeInIndex = 0; path = RetroTopics.app; sourceTree = BUILT_PRODUCTS_DIR; };
		F4C2F1621CEB461D00460907 /* AppDelegate.swift */ = {isa = PBXFileReference; lastKnownFileType = sourcecode.swift; path = AppDelegate.swift; sourceTree = "<group>"; };
		F4C2F1641CEB461D00460907 /* ViewController.swift */ = {isa = PBXFileReference; lastKnownFileType = sourcecode.swift; path = ViewController.swift; sourceTree = "<group>"; };
		F4C2F1671CEB461D00460907 /* Base */ = {isa = PBXFileReference; lastKnownFileType = file.storyboard; name = Base; path = Base.lproj/Main.storyboard; sourceTree = "<group>"; };
		F4C2F1691CEB461D00460907 /* Assets.xcassets */ = {isa = PBXFileReference; lastKnownFileType = folder.assetcatalog; path = Assets.xcassets; sourceTree = "<group>"; };
		F4C2F16C1CEB461D00460907 /* Base */ = {isa = PBXFileReference; lastKnownFileType = file.storyboard; name = Base; path = Base.lproj/LaunchScreen.storyboard; sourceTree = "<group>"; };
		F4C2F16E1CEB461D00460907 /* Info.plist */ = {isa = PBXFileReference; lastKnownFileType = text.plist.xml; path = Info.plist; sourceTree = "<group>"; };
		F4C2F1731CEB461D00460907 /* RetroTopicsTests.xctest */ = {isa = PBXFileReference; explicitFileType = wrapper.cfbundle; includeInIndex = 0; path = RetroTopicsTests.xctest; sourceTree = BUILT_PRODUCTS_DIR; };
		F4C2F1771CEB461D00460907 /* RetroTopicsTests.swift */ = {isa = PBXFileReference; lastKnownFileType = sourcecode.swift; path = RetroTopicsTests.swift; sourceTree = "<group>"; };
		F4C2F1791CEB461D00460907 /* Info.plist */ = {isa = PBXFileReference; lastKnownFileType = text.plist.xml; path = Info.plist; sourceTree = "<group>"; };
		F4C2F1821CEB4AF000460907 /* Topic.swift */ = {isa = PBXFileReference; fileEncoding = 4; lastKnownFileType = sourcecode.swift; path = Topic.swift; sourceTree = "<group>"; };
		F4C2F1841CEB4FAF00460907 /* TopicsViewControllerTest.swift */ = {isa = PBXFileReference; fileEncoding = 4; lastKnownFileType = sourcecode.swift; path = TopicsViewControllerTest.swift; sourceTree = "<group>"; };
/* End PBXFileReference section */

/* Begin PBXFrameworksBuildPhase section */
		F4C2F15C1CEB461C00460907 /* Frameworks */ = {
			isa = PBXFrameworksBuildPhase;
			buildActionMask = 2147483647;
			files = (
			);
			runOnlyForDeploymentPostprocessing = 0;
		};
		F4C2F1701CEB461D00460907 /* Frameworks */ = {
			isa = PBXFrameworksBuildPhase;
			buildActionMask = 2147483647;
			files = (
			);
			runOnlyForDeploymentPostprocessing = 0;
		};
/* End PBXFrameworksBuildPhase section */

/* Begin PBXGroup section */
		F4C2F1561CEB461C00460907 = {
			isa = PBXGroup;
			children = (
				F4C2F1611CEB461D00460907 /* RetroTopics */,
				F4C2F1761CEB461D00460907 /* RetroTopicsTests */,
				F4C2F1601CEB461D00460907 /* Products */,
			);
			sourceTree = "<group>";
		};
		F4C2F1601CEB461D00460907 /* Products */ = {
			isa = PBXGroup;
			children = (
				F4C2F15F1CEB461D00460907 /* RetroTopics.app */,
				F4C2F1731CEB461D00460907 /* RetroTopicsTests.xctest */,
			);
			name = Products;
			sourceTree = "<group>";
		};
		F4C2F1611CEB461D00460907 /* RetroTopics */ = {
			isa = PBXGroup;
			children = (
				F4C2F1621CEB461D00460907 /* AppDelegate.swift */,
				F4C2F1641CEB461D00460907 /* ViewController.swift */,
				F4C2F1661CEB461D00460907 /* Main.storyboard */,
				F4C2F1691CEB461D00460907 /* Assets.xcassets */,
				F4C2F16B1CEB461D00460907 /* LaunchScreen.storyboard */,
				F4C2F16E1CEB461D00460907 /* Info.plist */,
				F4C2F1821CEB4AF000460907 /* Topic.swift */,
			);
			path = RetroTopics;
			sourceTree = "<group>";
		};
		F4C2F1761CEB461D00460907 /* RetroTopicsTests */ = {
			isa = PBXGroup;
			children = (
				F4C2F1771CEB461D00460907 /* RetroTopicsTests.swift */,
				F4C2F1791CEB461D00460907 /* Info.plist */,
				F4C2F1841CEB4FAF00460907 /* TopicsViewControllerTest.swift */,
			);
			path = RetroTopicsTests;
			sourceTree = "<group>";
		};
/* End PBXGroup section */

/* Begin PBXNativeTarget section */
		F4C2F15E1CEB461C00460907 /* RetroTopics */ = {
			isa = PBXNativeTarget;
			buildConfigurationList = F4C2F17C1CEB461D00460907 /* Build configuration list for PBXNativeTarget "RetroTopics" */;
			buildPhases = (
				F4C2F15B1CEB461C00460907 /* Sources */,
				F4C2F15C1CEB461C00460907 /* Frameworks */,
				F4C2F15D1CEB461C00460907 /* Resources */,
			);
			buildRules = (
			);
			dependencies = (
			);
			name = RetroTopics;
			productName = RetroTopics;
			productReference = F4C2F15F1CEB461D00460907 /* RetroTopics.app */;
			productType = "com.apple.product-type.application";
		};
		F4C2F1721CEB461D00460907 /* RetroTopicsTests */ = {
			isa = PBXNativeTarget;
			buildConfigurationList = F4C2F17F1CEB461D00460907 /* Build configuration list for PBXNativeTarget "RetroTopicsTests" */;
			buildPhases = (
				F4C2F16F1CEB461D00460907 /* Sources */,
				F4C2F1701CEB461D00460907 /* Frameworks */,
				F4C2F1711CEB461D00460907 /* Resources */,
			);
			buildRules = (
			);
			dependencies = (
				F4C2F1751CEB461D00460907 /* PBXTargetDependency */,
			);
			name = RetroTopicsTests;
			productName = RetroTopicsTests;
			productReference = F4C2F1731CEB461D00460907 /* RetroTopicsTests.xctest */;
			productType = "com.apple.product-type.bundle.unit-test";
		};
/* End PBXNativeTarget section */

/* Begin PBXProject section */
		F4C2F1571CEB461C00460907 /* Project object */ = {
			isa = PBXProject;
			attributes = {
				LastSwiftUpdateCheck = 0730;
				LastUpgradeCheck = 0730;
				ORGANIZATIONNAME = "Sam Fisher";
				TargetAttributes = {
					F4C2F15E1CEB461C00460907 = {
						CreatedOnToolsVersion = 7.3.1;
					};
					F4C2F1721CEB461D00460907 = {
						CreatedOnToolsVersion = 7.3.1;
						TestTargetID = F4C2F15E1CEB461C00460907;
					};
				};
			};
			buildConfigurationList = F4C2F15A1CEB461C00460907 /* Build configuration list for PBXProject "RetroTopics" */;
			compatibilityVersion = "Xcode 3.2";
			developmentRegion = English;
			hasScannedForEncodings = 0;
			knownRegions = (
				en,
				Base,
			);
			mainGroup = F4C2F1561CEB461C00460907;
			productRefGroup = F4C2F1601CEB461D00460907 /* Products */;
			projectDirPath = "";
			projectRoot = "";
			targets = (
				F4C2F15E1CEB461C00460907 /* RetroTopics */,
				F4C2F1721CEB461D00460907 /* RetroTopicsTests */,
			);
		};
/* End PBXProject section */

/* Begin PBXResourcesBuildPhase section */
		F4C2F15D1CEB461C00460907 /* Resources */ = {
			isa = PBXResourcesBuildPhase;
			buildActionMask = 2147483647;
			files = (
				F4C2F16D1CEB461D00460907 /* LaunchScreen.storyboard in Resources */,
				F4C2F16A1CEB461D00460907 /* Assets.xcassets in Resources */,
				F4C2F1681CEB461D00460907 /* Main.storyboard in Resources */,
			);
			runOnlyForDeploymentPostprocessing = 0;
		};
		F4C2F1711CEB461D00460907 /* Resources */ = {
			isa = PBXResourcesBuildPhase;
			buildActionMask = 2147483647;
			files = (
			);
			runOnlyForDeploymentPostprocessing = 0;
		};
/* End PBXResourcesBuildPhase section */

/* Begin PBXSourcesBuildPhase section */
		F4C2F15B1CEB461C00460907 /* Sources */ = {
			isa = PBXSourcesBuildPhase;
			buildActionMask = 2147483647;
			files = (
				F4C2F1651CEB461D00460907 /* ViewController.swift in Sources */,
				F4C2F1831CEB4AF000460907 /* Topic.swift in Sources */,
				F4C2F1631CEB461D00460907 /* AppDelegate.swift in Sources */,
			);
			runOnlyForDeploymentPostprocessing = 0;
		};
		F4C2F16F1CEB461D00460907 /* Sources */ = {
			isa = PBXSourcesBuildPhase;
			buildActionMask = 2147483647;
			files = (
				F4C2F1851CEB4FAF00460907 /* TopicsViewControllerTest.swift in Sources */,
				F4C2F1781CEB461D00460907 /* RetroTopicsTests.swift in Sources */,
			);
			runOnlyForDeploymentPostprocessing = 0;
		};
/* End PBXSourcesBuildPhase section */

/* Begin PBXTargetDependency section */
		F4C2F1751CEB461D00460907 /* PBXTargetDependency */ = {
			isa = PBXTargetDependency;
			target = F4C2F15E1CEB461C00460907 /* RetroTopics */;
			targetProxy = F4C2F1741CEB461D00460907 /* PBXContainerItemProxy */;
		};
/* End PBXTargetDependency section */

/* Begin PBXVariantGroup section */
		F4C2F1661CEB461D00460907 /* Main.storyboard */ = {
			isa = PBXVariantGroup;
			children = (
				F4C2F1671CEB461D00460907 /* Base */,
			);
			name = Main.storyboard;
			sourceTree = "<group>";
		};
		F4C2F16B1CEB461D00460907 /* LaunchScreen.storyboard */ = {
			isa = PBXVariantGroup;
			children = (
				F4C2F16C1CEB461D00460907 /* Base */,
			);
			name = LaunchScreen.storyboard;
			sourceTree = "<group>";
		};
/* End PBXVariantGroup section */

/* Begin XCBuildConfiguration section */
		F4C2F17A1CEB461D00460907 /* Debug */ = {
			isa = XCBuildConfiguration;
			buildSettings = {
				ALWAYS_SEARCH_USER_PATHS = NO;
				CLANG_ANALYZER_NONNULL = YES;
				CLANG_CXX_LANGUAGE_STANDARD = "gnu++0x";
				CLANG_CXX_LIBRARY = "libc++";
				CLANG_ENABLE_MODULES = YES;
				CLANG_ENABLE_OBJC_ARC = YES;
				CLANG_WARN_BOOL_CONVERSION = YES;
				CLANG_WARN_CONSTANT_CONVERSION = YES;
				CLANG_WARN_DIRECT_OBJC_ISA_USAGE = YES_ERROR;
				CLANG_WARN_EMPTY_BODY = YES;
				CLANG_WARN_ENUM_CONVERSION = YES;
				CLANG_WARN_INT_CONVERSION = YES;
				CLANG_WARN_OBJC_ROOT_CLASS = YES_ERROR;
				CLANG_WARN_UNREACHABLE_CODE = YES;
				CLANG_WARN__DUPLICATE_METHOD_MATCH = YES;
				"CODE_SIGN_IDENTITY[sdk=iphoneos*]" = "iPhone Developer";
				COPY_PHASE_STRIP = NO;
				DEBUG_INFORMATION_FORMAT = dwarf;
				ENABLE_STRICT_OBJC_MSGSEND = YES;
				ENABLE_TESTABILITY = YES;
				GCC_C_LANGUAGE_STANDARD = gnu99;
				GCC_DYNAMIC_NO_PIC = NO;
				GCC_NO_COMMON_BLOCKS = YES;
				GCC_OPTIMIZATION_LEVEL = 0;
				GCC_PREPROCESSOR_DEFINITIONS = (
					"DEBUG=1",
					"$(inherited)",
				);
				GCC_WARN_64_TO_32_BIT_CONVERSION = YES;
				GCC_WARN_ABOUT_RETURN_TYPE = YES_ERROR;
				GCC_WARN_UNDECLARED_SELECTOR = YES;
				GCC_WARN_UNINITIALIZED_AUTOS = YES_AGGRESSIVE;
				GCC_WARN_UNUSED_FUNCTION = YES;
				GCC_WARN_UNUSED_VARIABLE = YES;
				IPHONEOS_DEPLOYMENT_TARGET = 9.3;
				MTL_ENABLE_DEBUG_INFO = YES;
				ONLY_ACTIVE_ARCH = YES;
				SDKROOT = iphoneos;
				SWIFT_OPTIMIZATION_LEVEL = "-Onone";
				TARGETED_DEVICE_FAMILY = "1,2";
			};
			name = Debug;
		};
		F4C2F17B1CEB461D00460907 /* Release */ = {
			isa = XCBuildConfiguration;
			buildSettings = {
				ALWAYS_SEARCH_USER_PATHS = NO;
				CLANG_ANALYZER_NONNULL = YES;
				CLANG_CXX_LANGUAGE_STANDARD = "gnu++0x";
				CLANG_CXX_LIBRARY = "libc++";
				CLANG_ENABLE_MODULES = YES;
				CLANG_ENABLE_OBJC_ARC = YES;
				CLANG_WARN_BOOL_CONVERSION = YES;
				CLANG_WARN_CONSTANT_CONVERSION = YES;
				CLANG_WARN_DIRECT_OBJC_ISA_USAGE = YES_ERROR;
				CLANG_WARN_EMPTY_BODY = YES;
				CLANG_WARN_ENUM_CONVERSION = YES;
				CLANG_WARN_INT_CONVERSION = YES;
				CLANG_WARN_OBJC_ROOT_CLASS = YES_ERROR;
				CLANG_WARN_UNREACHABLE_CODE = YES;
				CLANG_WARN__DUPLICATE_METHOD_MATCH = YES;
				"CODE_SIGN_IDENTITY[sdk=iphoneos*]" = "iPhone Developer";
				COPY_PHASE_STRIP = NO;
				DEBUG_INFORMATION_FORMAT = "dwarf-with-dsym";
				ENABLE_NS_ASSERTIONS = NO;
				ENABLE_STRICT_OBJC_MSGSEND = YES;
				GCC_C_LANGUAGE_STANDARD = gnu99;
				GCC_NO_COMMON_BLOCKS = YES;
				GCC_WARN_64_TO_32_BIT_CONVERSION = YES;
				GCC_WARN_ABOUT_RETURN_TYPE = YES_ERROR;
				GCC_WARN_UNDECLARED_SELECTOR = YES;
				GCC_WARN_UNINITIALIZED_AUTOS = YES_AGGRESSIVE;
				GCC_WARN_UNUSED_FUNCTION = YES;
				GCC_WARN_UNUSED_VARIABLE = YES;
				IPHONEOS_DEPLOYMENT_TARGET = 9.3;
				MTL_ENABLE_DEBUG_INFO = NO;
				SDKROOT = iphoneos;
				TARGETED_DEVICE_FAMILY = "1,2";
				VALIDATE_PRODUCT = YES;
			};
			name = Release;
		};
		F4C2F17D1CEB461D00460907 /* Debug */ = {
			isa = XCBuildConfiguration;
			buildSettings = {
				ASSETCATALOG_COMPILER_APPICON_NAME = AppIcon;
				INFOPLIST_FILE = RetroTopics/Info.plist;
				LD_RUNPATH_SEARCH_PATHS = "$(inherited) @executable_path/Frameworks";
				PRODUCT_BUNDLE_IDENTIFIER = com.example.RetroTopics;
				PRODUCT_NAME = "$(TARGET_NAME)";
			};
			name = Debug;
		};
		F4C2F17E1CEB461D00460907 /* Release */ = {
			isa = XCBuildConfiguration;
			buildSettings = {
				ASSETCATALOG_COMPILER_APPICON_NAME = AppIcon;
				INFOPLIST_FILE = RetroTopics/Info.plist;
				LD_RUNPATH_SEARCH_PATHS = "$(inherited) @executable_path/Frameworks";
				PRODUCT_BUNDLE_IDENTIFIER = com.example.RetroTopics;
				PRODUCT_NAME = "$(TARGET_NAME)";
			};
			name = Release;
		};
		F4C2F1801CEB461D00460907 /* Debug */ = {
			isa = XCBuildConfiguration;
			buildSettings = {
				BUNDLE_LOADER = "$(TEST_HOST)";
				INFOPLIST_FILE = RetroTopicsTests/Info.plist;
				LD_RUNPATH_SEARCH_PATHS = "$(inherited) @executable_path/Frameworks @loader_path/Frameworks";
				PRODUCT_BUNDLE_IDENTIFIER = com.example.RetroTopicsTests;
				PRODUCT_NAME = "$(TARGET_NAME)";
				TEST_HOST = "$(BUILT_PRODUCTS_DIR)/RetroTopics.app/RetroTopics";
			};
			name = Debug;
		};
		F4C2F1811CEB461D00460907 /* Release */ = {
			isa = XCBuildConfiguration;
			buildSettings = {
				BUNDLE_LOADER = "$(TEST_HOST)";
				INFOPLIST_FILE = RetroTopicsTests/Info.plist;
				LD_RUNPATH_SEARCH_PATHS = "$(inherited) @executable_path/Frameworks @loader_path/Frameworks";
				PRODUCT_BUNDLE_IDENTIFIER = com.example.RetroTopicsTests;
				PRODUCT_NAME = "$(TARGET_NAME)";
				TEST_HOST = "$(BUILT_PRODUCTS_DIR)/RetroTopics.app/RetroTopics";
			};
			name = Release;
		};
/* End XCBuildConfiguration section */

/* Begin XCConfigurationList section */
		F4C2F15A1CEB461C00460907 /* Build configuration list for PBXProject "RetroTopics" */ = {
			isa = XCConfigurationList;
			buildConfigurations = (
				F4C2F17A1CEB461D00460907 /* Debug */,
				F4C2F17B1CEB461D00460907 /* Release */,
			);
			defaultConfigurationIsVisible = 0;
			defaultConfigurationName = Release;
		};
		F4C2F17C1CEB461D00460907 /* Build configuration list for PBXNativeTarget "RetroTopics" */ = {
			isa = XCConfigurationList;
			buildConfigurations = (
				F4C2F17D1CEB461D00460907 /* Debug */,
				F4C2F17E1CEB461D00460907 /* Release */,
			);
			defaultConfigurationIsVisible = 0;
		};
		F4C2F17F1CEB461D00460907 /* Build configuration list for PBXNativeTarget "RetroTopicsTests" */ = {
			isa = XCConfigurationList;
			buildConfigurations = (
				F4C2F1801CEB461D00460907 /* Debug */,
				F4C2F1811CEB461D00460907 /* Release */,
			);
			defaultConfigurationIsVisible = 0;
		};
/* End XCConfigurationList section */
	};
	rootObject = F4C2F1571CEB461C00460907 /* Project object */;
}
